
Microsoft Visual Studio Solution File, Format Version 11.00
# Visual Studio 2010
Project("{E24C65DC-7377-472B-9ABA-BC803B73C61A}") = "moban", "http://localhost/moban", "{2107007D-A65E-44AF-BDDF-6BD70DBCEF70}"
	ProjectSection(WebsiteProperties) = preProject
		UseIISExpress = "false"
		TargetFrameworkMoniker = ".NETFramework,Version%3Dv4.0"
		ProjectReferences = "{38D7AA58-C95B-449B-86C6-A8073A56E11F}|BusinessInfoViewer.BLL.dll;{E3D8759A-C5EB-402D-9F10-F5C6029A8D1A}|BusinessInfoViewer.Common.dll;{96401C5E-D166-4E4E-98C2-3ECA91B6C7EB}|BusinessInfoViewer.DALFactory.dll;{B0706FA2-977C-4523-B093-F57804756498}|BusinessInfoViewer.IDAL.dll;{53995DBB-9836-4647-AD22-865884FDEB9E}|BusinessInfoViewer.Model.dll;{0B25FA20-7CA4-43E4-A58A-D69278F17EF3}|BusinessInfoViewer.MySQLDAL.dll;{0988C62E-247F-471F-A183-DB509C7A3839}|BusinessInfoViewer.DBUtility.dll;"
		Debug.AspNetCompiler.VirtualPath = "/moban"
		Debug.AspNetCompiler.PhysicalPath = "BusinessInfoViewer\"
		Debug.AspNetCompiler.TargetPath = "PrecompiledWeb\moban\"
		Debug.AspNetCompiler.Updateable = "true"
		Debug.AspNetCompiler.ForceOverwrite = "true"
		Debug.AspNetCompiler.FixedNames = "false"
		Debug.AspNetCompiler.Debug = "True"
		Release.AspNetCompiler.VirtualPath = "/moban"
		Release.AspNetCompiler.PhysicalPath = "BusinessInfoViewer\"
		Release.AspNetCompiler.TargetPath = "PrecompiledWeb\moban\"
		Release.AspNetCompiler.Updateable = "true"
		Release.AspNetCompiler.ForceOverwrite = "true"
		Release.AspNetCompiler.FixedNames = "false"
		Release.AspNetCompiler.Debug = "False"
		SlnRelativePath = "BusinessInfoViewer\"
	EndProjectSection
EndProject
Project("{FAE04EC0-301F-11D3-BF4B-00C04F79EFBC}") = "BLL", "BLL\BLL.csproj", "{38D7AA58-C95B-449B-86C6-A8073A56E11F}"
EndProject
Project("{FAE04EC0-301F-11D3-BF4B-00C04F79EFBC}") = "Common", "Common\Common.csproj", "{E3D8759A-C5EB-402D-9F10-F5C6029A8D1A}"
EndProject
Project("{FAE04EC0-301F-11D3-BF4B-00C04F79EFBC}") = "DALFactory", "DALFactory\DALFactory.csproj", "{96401C5E-D166-4E4E-98C2-3ECA91B6C7EB}"
EndProject
Project("{FAE04EC0-301F-11D3-BF4B-00C04F79EFBC}") = "DBUtility", "DBUtility\DBUtility.csproj", "{0988C62E-247F-471F-A183-DB509C7A3839}"
EndProject
Project("{FAE04EC0-301F-11D3-BF4B-00C04F79EFBC}") = "IDAL", "IDAL\IDAL.csproj", "{B0706FA2-977C-4523-B093-F57804756498}"
EndProject
Project("{FAE04EC0-301F-11D3-BF4B-00C04F79EFBC}") = "Model", "Model\Model.csproj", "{53995DBB-9836-4647-AD22-865884FDEB9E}"
EndProject
Project("{FAE04EC0-301F-11D3-BF4B-00C04F79EFBC}") = "MySQLDAL", "MySQLDAL\MySQLDAL.csproj", "{0B25FA20-7CA4-43E4-A58A-D69278F17EF3}"
EndProject
Global
	GlobalSection(SolutionConfigurationPlatforms) = preSolution
		Debug|Any CPU = Debug|Any CPU
		Release|Any CPU = Release|Any CPU
	EndGlobalSection
	GlobalSection(ProjectConfigurationPlatforms) = postSolution
		{2107007D-A65E-44AF-BDDF-6BD70DBCEF70}.Debug|Any CPU.ActiveCfg = Debug|Any CPU
		{2107007D-A65E-44AF-BDDF-6BD70DBCEF70}.Debug|Any CPU.Build.0 = Debug|Any CPU
		{2107007D-A65E-44AF-BDDF-6BD70DBCEF70}.Release|Any CPU.ActiveCfg = Debug|Any CPU
		{2107007D-A65E-44AF-BDDF-6BD70DBCEF70}.Release|Any CPU.Build.0 = Debug|Any CPU
		{38D7AA58-C95B-449B-86C6-A8073A56E11F}.Debug|Any CPU.ActiveCfg = Debug|Any CPU
		{38D7AA58-C95B-449B-86C6-A8073A56E11F}.Debug|Any CPU.Build.0 = Debug|Any CPU
		{38D7AA58-C95B-449B-86C6-A8073A56E11F}.Release|Any CPU.ActiveCfg = Release|Any CPU
		{38D7AA58-C95B-449B-86C6-A8073A56E11F}.Release|Any CPU.Build.0 = Release|Any CPU
		{E3D8759A-C5EB-402D-9F10-F5C6029A8D1A}.Debug|Any CPU.ActiveCfg = Debug|Any CPU
		{E3D8759A-C5EB-402D-9F10-F5C6029A8D1A}.Debug|Any CPU.Build.0 = Debug|Any CPU
		{E3D8759A-C5EB-402D-9F10-F5C6029A8D1A}.Release|Any CPU.ActiveCfg = Release|Any CPU
		{E3D8759A-C5EB-402D-9F10-F5C6029A8D1A}.Release|Any CPU.Build.0 = Release|Any CPU
		{96401C5E-D166-4E4E-98C2-3ECA91B6C7EB}.Debug|Any CPU.ActiveCfg = Debug|Any CPU
		{96401C5E-D166-4E4E-98C2-3ECA91B6C7EB}.Debug|Any CPU.Build.0 = Debug|Any CPU
		{96401C5E-D166-4E4E-98C2-3ECA91B6C7EB}.Release|Any CPU.ActiveCfg = Release|Any CPU
		{96401C5E-D166-4E4E-98C2-3ECA91B6C7EB}.Release|Any CPU.Build.0 = Release|Any CPU
		{0988C62E-247F-471F-A183-DB509C7A3839}.Debug|Any CPU.ActiveCfg = Debug|Any CPU
		{0988C62E-247F-471F-A183-DB509C7A3839}.Debug|Any CPU.Build.0 = Debug|Any CPU
		{0988C62E-247F-471F-A183-DB509C7A3839}.Release|Any CPU.ActiveCfg = Release|Any CPU
		{0988C62E-247F-471F-A183-DB509C7A3839}.Release|Any CPU.Build.0 = Release|Any CPU
		{B0706FA2-977C-4523-B093-F57804756498}.Debug|Any CPU.ActiveCfg = Debug|Any CPU
		{B0706FA2-977C-4523-B093-F57804756498}.Debug|Any CPU.Build.0 = Debug|Any CPU
		{B0706FA2-977C-4523-B093-F57804756498}.Release|Any CPU.ActiveCfg = Release|Any CPU
		{B0706FA2-977C-4523-B093-F57804756498}.Release|Any CPU.Build.0 = Release|Any CPU
		{53995DBB-9836-4647-AD22-865884FDEB9E}.Debug|Any CPU.ActiveCfg = Debug|Any CPU
		{53995DBB-9836-4647-AD22-865884FDEB9E}.Debug|Any CPU.Build.0 = Debug|Any CPU
		{53995DBB-9836-4647-AD22-865884FDEB9E}.Release|Any CPU.ActiveCfg = Release|Any CPU
		{53995DBB-9836-4647-AD22-865884FDEB9E}.Release|Any CPU.Build.0 = Release|Any CPU
		{0B25FA20-7CA4-43E4-A58A-D69278F17EF3}.Debug|Any CPU.ActiveCfg = Debug|Any CPU
		{0B25FA20-7CA4-43E4-A58A-D69278F17EF3}.Debug|Any CPU.Build.0 = Debug|Any CPU
		{0B25FA20-7CA4-43E4-A58A-D69278F17EF3}.Release|Any CPU.ActiveCfg = Release|Any CPU
		{0B25FA20-7CA4-43E4-A58A-D69278F17EF3}.Release|Any CPU.Build.0 = Release|Any CPU
	EndGlobalSection
	GlobalSection(SolutionProperties) = preSolution
		HideSolutionNode = FALSE
	EndGlobalSection
EndGlobal
